// !$*UTF8*$!
{
	archiveVersion = 1;
	classes = {
	};
	objectVersion = 51;
	objects = {

/* Begin PBXBuildFile section */
		2704AA8C2470321F0032EE12 /* AppDelegate.swift in Sources */ = {isa = PBXBuildFile; fileRef = 2704AA8B2470321F0032EE12 /* AppDelegate.swift */; };
		2704AA8E2470321F0032EE12 /* SceneDelegate.swift in Sources */ = {isa = PBXBuildFile; fileRef = 2704AA8D2470321F0032EE12 /* SceneDelegate.swift */; };
		2704AA98247032220032EE12 /* LaunchScreen.storyboard in Resources */ = {isa = PBXBuildFile; fileRef = 2704AA96247032220032EE12 /* LaunchScreen.storyboard */; };
		2704AAA2247032EA0032EE12 /* MainNavigationController.swift in Sources */ = {isa = PBXBuildFile; fileRef = 2704AAA1247032EA0032EE12 /* MainNavigationController.swift */; };
		2704AAA5247034230032EE12 /* HomeScreenController.swift in Sources */ = {isa = PBXBuildFile; fileRef = 2704AAA4247034230032EE12 /* HomeScreenController.swift */; };
		2704AAA8247037FB0032EE12 /* AnalyticScreenController.swift in Sources */ = {isa = PBXBuildFile; fileRef = 2704AAA7247037FB0032EE12 /* AnalyticScreenController.swift */; };
		2704AAAB24705AB10032EE12 /* Theme.swift in Sources */ = {isa = PBXBuildFile; fileRef = 2704AAAA24705AB10032EE12 /* Theme.swift */; };
		2704AAE324705E0D0032EE12 /* Poppins-MediumItalic.ttf in Resources */ = {isa = PBXBuildFile; fileRef = 2704AAD124705E0C0032EE12 /* Poppins-MediumItalic.ttf */; };
		2704AAE424705E0D0032EE12 /* Poppins-ExtraBoldItalic.ttf in Resources */ = {isa = PBXBuildFile; fileRef = 2704AAD224705E0C0032EE12 /* Poppins-ExtraBoldItalic.ttf */; };
		2704AAE524705E0D0032EE12 /* Poppins-Thin.ttf in Resources */ = {isa = PBXBuildFile; fileRef = 2704AAD324705E0C0032EE12 /* Poppins-Thin.ttf */; };
		2704AAE624705E0D0032EE12 /* Poppins-Medium.ttf in Resources */ = {isa = PBXBuildFile; fileRef = 2704AAD424705E0C0032EE12 /* Poppins-Medium.ttf */; };
		2704AAE724705E0D0032EE12 /* Poppins-SemiBoldItalic.ttf in Resources */ = {isa = PBXBuildFile; fileRef = 2704AAD524705E0C0032EE12 /* Poppins-SemiBoldItalic.ttf */; };
		2704AAE824705E0D0032EE12 /* Poppins-SemiBold.ttf in Resources */ = {isa = PBXBuildFile; fileRef = 2704AAD624705E0C0032EE12 /* Poppins-SemiBold.ttf */; };
		2704AAE924705E0D0032EE12 /* Poppins-Regular.ttf in Resources */ = {isa = PBXBuildFile; fileRef = 2704AAD724705E0D0032EE12 /* Poppins-Regular.ttf */; };
		2704AAEA24705E0D0032EE12 /* Poppins-Black.ttf in Resources */ = {isa = PBXBuildFile; fileRef = 2704AAD824705E0D0032EE12 /* Poppins-Black.ttf */; };
		2704AAEB24705E0D0032EE12 /* Poppins-Bold.ttf in Resources */ = {isa = PBXBuildFile; fileRef = 2704AAD924705E0D0032EE12 /* Poppins-Bold.ttf */; };
		2704AAEC24705E0D0032EE12 /* Poppins-ExtraBold.ttf in Resources */ = {isa = PBXBuildFile; fileRef = 2704AADA24705E0D0032EE12 /* Poppins-ExtraBold.ttf */; };
		2704AAED24705E0D0032EE12 /* Poppins-ExtraLightItalic.ttf in Resources */ = {isa = PBXBuildFile; fileRef = 2704AADB24705E0D0032EE12 /* Poppins-ExtraLightItalic.ttf */; };
		2704AAEE24705E0D0032EE12 /* Poppins-ExtraLight.ttf in Resources */ = {isa = PBXBuildFile; fileRef = 2704AADC24705E0D0032EE12 /* Poppins-ExtraLight.ttf */; };
		2704AAEF24705E0D0032EE12 /* Poppins-Light.ttf in Resources */ = {isa = PBXBuildFile; fileRef = 2704AADD24705E0D0032EE12 /* Poppins-Light.ttf */; };
		2704AAF024705E0D0032EE12 /* Poppins-ThinItalic.ttf in Resources */ = {isa = PBXBuildFile; fileRef = 2704AADE24705E0D0032EE12 /* Poppins-ThinItalic.ttf */; };
		2704AAF124705E0D0032EE12 /* Poppins-BoldItalic.ttf in Resources */ = {isa = PBXBuildFile; fileRef = 2704AADF24705E0D0032EE12 /* Poppins-BoldItalic.ttf */; };
		2704AAF224705E0D0032EE12 /* Poppins-BlackItalic.ttf in Resources */ = {isa = PBXBuildFile; fileRef = 2704AAE024705E0D0032EE12 /* Poppins-BlackItalic.ttf */; };
		2704AAF324705E0D0032EE12 /* Poppins-Italic.ttf in Resources */ = {isa = PBXBuildFile; fileRef = 2704AAE124705E0D0032EE12 /* Poppins-Italic.ttf */; };
		2704AAF424705E0D0032EE12 /* Poppins-LightItalic.ttf in Resources */ = {isa = PBXBuildFile; fileRef = 2704AAE224705E0D0032EE12 /* Poppins-LightItalic.ttf */; };
		2704AAF624705FBC0032EE12 /* HomeScreenStyle.swift in Sources */ = {isa = PBXBuildFile; fileRef = 2704AAF524705FBC0032EE12 /* HomeScreenStyle.swift */; };
		2704AAF924706E6D0032EE12 /* Country.swift in Sources */ = {isa = PBXBuildFile; fileRef = 2704AAF824706E6D0032EE12 /* Country.swift */; };
		2704AAFC247071970032EE12 /* MockData.swift in Sources */ = {isa = PBXBuildFile; fileRef = 2704AAFB247071970032EE12 /* MockData.swift */; };
		272EE0C32478C510008FB54D /* CustomButton.swift in Sources */ = {isa = PBXBuildFile; fileRef = 272EE0C22478C510008FB54D /* CustomButton.swift */; };
		2765AA4E2470E13200640AE5 /* CardValue.swift in Sources */ = {isa = PBXBuildFile; fileRef = 2765AA4D2470E13200640AE5 /* CardValue.swift */; };
		2765AA71247147EF00640AE5 /* RoundImage.swift in Sources */ = {isa = PBXBuildFile; fileRef = 2765AA70247147EF00640AE5 /* RoundImage.swift */; };
		2765AA7424716AB600640AE5 /* CustomLabel.swift in Sources */ = {isa = PBXBuildFile; fileRef = 2765AA7324716AB600640AE5 /* CustomLabel.swift */; };
		2765AA77247194C600640AE5 /* GradientView.swift in Sources */ = {isa = PBXBuildFile; fileRef = 2765AA76247194C600640AE5 /* GradientView.swift */; };
		2765AA7C2471B0A200640AE5 /* AutoLayoutHelper.swift in Sources */ = {isa = PBXBuildFile; fileRef = 2765AA7B2471B0A200640AE5 /* AutoLayoutHelper.swift */; };
		27DA659D24781A0C00307AA3 /* Assets.xcassets in Resources */ = {isa = PBXBuildFile; fileRef = 27DA659C24781A0C00307AA3 /* Assets.xcassets */; };
		2D5B4E389CEA2FC717B4854B /* Pods_covid19.framework in Frameworks */ = {isa = PBXBuildFile; fileRef = 890AB3F321AC3C78AEF3D9B7 /* Pods_covid19.framework */; };
/* End PBXBuildFile section */

/* Begin PBXFileReference section */
		2704AA882470321F0032EE12 /* covid19.app */ = {isa = PBXFileReference; explicitFileType = wrapper.application; includeInIndex = 0; path = covid19.app; sourceTree = BUILT_PRODUCTS_DIR; };
		2704AA8B2470321F0032EE12 /* AppDelegate.swift */ = {isa = PBXFileReference; lastKnownFileType = sourcecode.swift; path = AppDelegate.swift; sourceTree = "<group>"; };
		2704AA8D2470321F0032EE12 /* SceneDelegate.swift */ = {isa = PBXFileReference; lastKnownFileType = sourcecode.swift; path = SceneDelegate.swift; sourceTree = "<group>"; };
		2704AA97247032220032EE12 /* Base */ = {isa = PBXFileReference; lastKnownFileType = file.storyboard; name = Base; path = Base.lproj/LaunchScreen.storyboard; sourceTree = "<group>"; };
		2704AA99247032220032EE12 /* Info.plist */ = {isa = PBXFileReference; lastKnownFileType = text.plist.xml; path = Info.plist; sourceTree = "<group>"; };
		2704AAA1247032EA0032EE12 /* MainNavigationController.swift */ = {isa = PBXFileReference; lastKnownFileType = sourcecode.swift; path = MainNavigationController.swift; sourceTree = "<group>"; };
		2704AAA4247034230032EE12 /* HomeScreenController.swift */ = {isa = PBXFileReference; lastKnownFileType = sourcecode.swift; path = HomeScreenController.swift; sourceTree = "<group>"; };
		2704AAA7247037FB0032EE12 /* AnalyticScreenController.swift */ = {isa = PBXFileReference; lastKnownFileType = sourcecode.swift; path = AnalyticScreenController.swift; sourceTree = "<group>"; };
		2704AAAA24705AB10032EE12 /* Theme.swift */ = {isa = PBXFileReference; lastKnownFileType = sourcecode.swift; path = Theme.swift; sourceTree = "<group>"; };
		2704AAD124705E0C0032EE12 /* Poppins-MediumItalic.ttf */ = {isa = PBXFileReference; lastKnownFileType = file; path = "Poppins-MediumItalic.ttf"; sourceTree = "<group>"; };
		2704AAD224705E0C0032EE12 /* Poppins-ExtraBoldItalic.ttf */ = {isa = PBXFileReference; lastKnownFileType = file; path = "Poppins-ExtraBoldItalic.ttf"; sourceTree = "<group>"; };
		2704AAD324705E0C0032EE12 /* Poppins-Thin.ttf */ = {isa = PBXFileReference; lastKnownFileType = file; path = "Poppins-Thin.ttf"; sourceTree = "<group>"; };
		2704AAD424705E0C0032EE12 /* Poppins-Medium.ttf */ = {isa = PBXFileReference; lastKnownFileType = file; path = "Poppins-Medium.ttf"; sourceTree = "<group>"; };
		2704AAD524705E0C0032EE12 /* Poppins-SemiBoldItalic.ttf */ = {isa = PBXFileReference; lastKnownFileType = file; path = "Poppins-SemiBoldItalic.ttf"; sourceTree = "<group>"; };
		2704AAD624705E0C0032EE12 /* Poppins-SemiBold.ttf */ = {isa = PBXFileReference; lastKnownFileType = file; path = "Poppins-SemiBold.ttf"; sourceTree = "<group>"; };
		2704AAD724705E0D0032EE12 /* Poppins-Regular.ttf */ = {isa = PBXFileReference; lastKnownFileType = file; path = "Poppins-Regular.ttf"; sourceTree = "<group>"; };
		2704AAD824705E0D0032EE12 /* Poppins-Black.ttf */ = {isa = PBXFileReference; lastKnownFileType = file; path = "Poppins-Black.ttf"; sourceTree = "<group>"; };
		2704AAD924705E0D0032EE12 /* Poppins-Bold.ttf */ = {isa = PBXFileReference; lastKnownFileType = file; path = "Poppins-Bold.ttf"; sourceTree = "<group>"; };
		2704AADA24705E0D0032EE12 /* Poppins-ExtraBold.ttf */ = {isa = PBXFileReference; lastKnownFileType = file; path = "Poppins-ExtraBold.ttf"; sourceTree = "<group>"; };
		2704AADB24705E0D0032EE12 /* Poppins-ExtraLightItalic.ttf */ = {isa = PBXFileReference; lastKnownFileType = file; path = "Poppins-ExtraLightItalic.ttf"; sourceTree = "<group>"; };
		2704AADC24705E0D0032EE12 /* Poppins-ExtraLight.ttf */ = {isa = PBXFileReference; lastKnownFileType = file; path = "Poppins-ExtraLight.ttf"; sourceTree = "<group>"; };
		2704AADD24705E0D0032EE12 /* Poppins-Light.ttf */ = {isa = PBXFileReference; lastKnownFileType = file; path = "Poppins-Light.ttf"; sourceTree = "<group>"; };
		2704AADE24705E0D0032EE12 /* Poppins-ThinItalic.ttf */ = {isa = PBXFileReference; lastKnownFileType = file; path = "Poppins-ThinItalic.ttf"; sourceTree = "<group>"; };
		2704AADF24705E0D0032EE12 /* Poppins-BoldItalic.ttf */ = {isa = PBXFileReference; lastKnownFileType = file; path = "Poppins-BoldItalic.ttf"; sourceTree = "<group>"; };
		2704AAE024705E0D0032EE12 /* Poppins-BlackItalic.ttf */ = {isa = PBXFileReference; lastKnownFileType = file; path = "Poppins-BlackItalic.ttf"; sourceTree = "<group>"; };
		2704AAE124705E0D0032EE12 /* Poppins-Italic.ttf */ = {isa = PBXFileReference; lastKnownFileType = file; path = "Poppins-Italic.ttf"; sourceTree = "<group>"; };
		2704AAE224705E0D0032EE12 /* Poppins-LightItalic.ttf */ = {isa = PBXFileReference; lastKnownFileType = file; path = "Poppins-LightItalic.ttf"; sourceTree = "<group>"; };
		2704AAF524705FBC0032EE12 /* HomeScreenStyle.swift */ = {isa = PBXFileReference; lastKnownFileType = sourcecode.swift; path = HomeScreenStyle.swift; sourceTree = "<group>"; };
		2704AAF824706E6D0032EE12 /* Country.swift */ = {isa = PBXFileReference; lastKnownFileType = sourcecode.swift; path = Country.swift; sourceTree = "<group>"; };
		2704AAFB247071970032EE12 /* MockData.swift */ = {isa = PBXFileReference; lastKnownFileType = sourcecode.swift; path = MockData.swift; sourceTree = "<group>"; };
		272EE0C22478C510008FB54D /* CustomButton.swift */ = {isa = PBXFileReference; lastKnownFileType = sourcecode.swift; path = CustomButton.swift; sourceTree = "<group>"; };
		2765AA4D2470E13200640AE5 /* CardValue.swift */ = {isa = PBXFileReference; lastKnownFileType = sourcecode.swift; path = CardValue.swift; sourceTree = "<group>"; };
		2765AA70247147EF00640AE5 /* RoundImage.swift */ = {isa = PBXFileReference; lastKnownFileType = sourcecode.swift; path = RoundImage.swift; sourceTree = "<group>"; };
		2765AA7324716AB600640AE5 /* CustomLabel.swift */ = {isa = PBXFileReference; lastKnownFileType = sourcecode.swift; path = CustomLabel.swift; sourceTree = "<group>"; };
		2765AA76247194C600640AE5 /* GradientView.swift */ = {isa = PBXFileReference; lastKnownFileType = sourcecode.swift; path = GradientView.swift; sourceTree = "<group>"; };
		2765AA7B2471B0A200640AE5 /* AutoLayoutHelper.swift */ = {isa = PBXFileReference; lastKnownFileType = sourcecode.swift; path = AutoLayoutHelper.swift; sourceTree = "<group>"; };
		27DA659C24781A0C00307AA3 /* Assets.xcassets */ = {isa = PBXFileReference; lastKnownFileType = folder.assetcatalog; path = Assets.xcassets; sourceTree = "<group>"; };
		890AB3F321AC3C78AEF3D9B7 /* Pods_covid19.framework */ = {isa = PBXFileReference; explicitFileType = wrapper.framework; includeInIndex = 0; path = Pods_covid19.framework; sourceTree = BUILT_PRODUCTS_DIR; };
		C34259B6B5A080E1868D4BFB /* Pods-covid19.debug.xcconfig */ = {isa = PBXFileReference; includeInIndex = 1; lastKnownFileType = text.xcconfig; name = "Pods-covid19.debug.xcconfig"; path = "Target Support Files/Pods-covid19/Pods-covid19.debug.xcconfig"; sourceTree = "<group>"; };
		C5EAC0852F97F26CE16D4FBC /* Pods-covid19.release.xcconfig */ = {isa = PBXFileReference; includeInIndex = 1; lastKnownFileType = text.xcconfig; name = "Pods-covid19.release.xcconfig"; path = "Target Support Files/Pods-covid19/Pods-covid19.release.xcconfig"; sourceTree = "<group>"; };
/* End PBXFileReference section */

/* Begin PBXFrameworksBuildPhase section */
		2704AA852470321F0032EE12 /* Frameworks */ = {
			isa = PBXFrameworksBuildPhase;
			buildActionMask = 2147483647;
			files = (
				2D5B4E389CEA2FC717B4854B /* Pods_covid19.framework in Frameworks */,
			);
			runOnlyForDeploymentPostprocessing = 0;
		};
/* End PBXFrameworksBuildPhase section */

/* Begin PBXGroup section */
		2704AA7F2470321F0032EE12 = {
			isa = PBXGroup;
			children = (
				2704AA8A2470321F0032EE12 /* covid19 */,
				2704AA892470321F0032EE12 /* Products */,
				30CFBE918625A3A4E88D068F /* Pods */,
				DB4ABB3EEEF3B563AC4B83B4 /* Frameworks */,
			);
			sourceTree = "<group>";
		};
		2704AA892470321F0032EE12 /* Products */ = {
			isa = PBXGroup;
			children = (
				2704AA882470321F0032EE12 /* covid19.app */,
			);
			name = Products;
			sourceTree = "<group>";
		};
		2704AA8A2470321F0032EE12 /* covid19 */ = {
			isa = PBXGroup;
			children = (
				2765AA7A2471B07800640AE5 /* Helpers */,
				2765AA4B2470E07800640AE5 /* Components */,
				2704AAFA247071820032EE12 /* Data */,
				2704AAF724706E5A0032EE12 /* Models */,
				2704AAAC24705D3E0032EE12 /* Fonts */,
				2704AAA924705A8E0032EE12 /* Theme */,
				2704AAA02470328D0032EE12 /* Routes */,
				2704AA9F2470327C0032EE12 /* VIews */,
				2704AA8B2470321F0032EE12 /* AppDelegate.swift */,
				2704AA8D2470321F0032EE12 /* SceneDelegate.swift */,
				2704AA96247032220032EE12 /* LaunchScreen.storyboard */,
				2704AA99247032220032EE12 /* Info.plist */,
				27DA659C24781A0C00307AA3 /* Assets.xcassets */,
			);
			path = covid19;
			sourceTree = "<group>";
		};
		2704AA9F2470327C0032EE12 /* VIews */ = {
			isa = PBXGroup;
			children = (
				2704AAA6247037AB0032EE12 /* AnalyticScreen */,
				2704AAA3247033FA0032EE12 /* HomeScreen */,
			);
			path = VIews;
			sourceTree = "<group>";
		};
		2704AAA02470328D0032EE12 /* Routes */ = {
			isa = PBXGroup;
			children = (
				2704AAA1247032EA0032EE12 /* MainNavigationController.swift */,
			);
			path = Routes;
			sourceTree = "<group>";
		};
		2704AAA3247033FA0032EE12 /* HomeScreen */ = {
			isa = PBXGroup;
			children = (
				2704AAA4247034230032EE12 /* HomeScreenController.swift */,
				2704AAF524705FBC0032EE12 /* HomeScreenStyle.swift */,
			);
			path = HomeScreen;
			sourceTree = "<group>";
		};
		2704AAA6247037AB0032EE12 /* AnalyticScreen */ = {
			isa = PBXGroup;
			children = (
				2704AAA7247037FB0032EE12 /* AnalyticScreenController.swift */,
			);
			path = AnalyticScreen;
			sourceTree = "<group>";
		};
		2704AAA924705A8E0032EE12 /* Theme */ = {
			isa = PBXGroup;
			children = (
				2704AAAA24705AB10032EE12 /* Theme.swift */,
			);
			path = Theme;
			sourceTree = "<group>";
		};
		2704AAAC24705D3E0032EE12 /* Fonts */ = {
			isa = PBXGroup;
			children = (
				2704AAD824705E0D0032EE12 /* Poppins-Black.ttf */,
				2704AAE024705E0D0032EE12 /* Poppins-BlackItalic.ttf */,
				2704AAD924705E0D0032EE12 /* Poppins-Bold.ttf */,
				2704AADF24705E0D0032EE12 /* Poppins-BoldItalic.ttf */,
				2704AADA24705E0D0032EE12 /* Poppins-ExtraBold.ttf */,
				2704AAD224705E0C0032EE12 /* Poppins-ExtraBoldItalic.ttf */,
				2704AADC24705E0D0032EE12 /* Poppins-ExtraLight.ttf */,
				2704AADB24705E0D0032EE12 /* Poppins-ExtraLightItalic.ttf */,
				2704AAE124705E0D0032EE12 /* Poppins-Italic.ttf */,
				2704AADD24705E0D0032EE12 /* Poppins-Light.ttf */,
				2704AAE224705E0D0032EE12 /* Poppins-LightItalic.ttf */,
				2704AAD424705E0C0032EE12 /* Poppins-Medium.ttf */,
				2704AAD124705E0C0032EE12 /* Poppins-MediumItalic.ttf */,
				2704AAD724705E0D0032EE12 /* Poppins-Regular.ttf */,
				2704AAD624705E0C0032EE12 /* Poppins-SemiBold.ttf */,
				2704AAD524705E0C0032EE12 /* Poppins-SemiBoldItalic.ttf */,
				2704AAD324705E0C0032EE12 /* Poppins-Thin.ttf */,
				2704AADE24705E0D0032EE12 /* Poppins-ThinItalic.ttf */,
			);
			path = Fonts;
			sourceTree = "<group>";
		};
		2704AAF724706E5A0032EE12 /* Models */ = {
			isa = PBXGroup;
			children = (
				2704AAF824706E6D0032EE12 /* Country.swift */,
			);
			path = Models;
			sourceTree = "<group>";
		};
		2704AAFA247071820032EE12 /* Data */ = {
			isa = PBXGroup;
			children = (
				2704AAFB247071970032EE12 /* MockData.swift */,
			);
			path = Data;
			sourceTree = "<group>";
		};
		2765AA4B2470E07800640AE5 /* Components */ = {
			isa = PBXGroup;
			children = (
				27DA659E24783F1B00307AA3 /* Button */,
				2765AA75247194B100640AE5 /* GradientVIew */,
				2765AA7224716A9E00640AE5 /* Label */,
				2765AA6F247147AB00640AE5 /* RoundImage */,
				2765AA4C2470E11600640AE5 /* CardValue */,
			);
			path = Components;
			sourceTree = "<group>";
		};
		2765AA4C2470E11600640AE5 /* CardValue */ = {
			isa = PBXGroup;
			children = (
				2765AA4D2470E13200640AE5 /* CardValue.swift */,
			);
			path = CardValue;
			sourceTree = "<group>";
		};
		2765AA6F247147AB00640AE5 /* RoundImage */ = {
			isa = PBXGroup;
			children = (
				2765AA70247147EF00640AE5 /* RoundImage.swift */,
			);
			path = RoundImage;
			sourceTree = "<group>";
		};
		2765AA7224716A9E00640AE5 /* Label */ = {
			isa = PBXGroup;
			children = (
				2765AA7324716AB600640AE5 /* CustomLabel.swift */,
			);
			path = Label;
			sourceTree = "<group>";
		};
		2765AA75247194B100640AE5 /* GradientVIew */ = {
			isa = PBXGroup;
			children = (
				2765AA76247194C600640AE5 /* GradientView.swift */,
			);
			path = GradientVIew;
			sourceTree = "<group>";
		};
		2765AA7A2471B07800640AE5 /* Helpers */ = {
			isa = PBXGroup;
			children = (
				2765AA7B2471B0A200640AE5 /* AutoLayoutHelper.swift */,
			);
			path = Helpers;
			sourceTree = "<group>";
		};
		27DA659E24783F1B00307AA3 /* Button */ = {
			isa = PBXGroup;
			children = (
				272EE0C22478C510008FB54D /* CustomButton.swift */,
			);
			path = Button;
			sourceTree = "<group>";
		};
		30CFBE918625A3A4E88D068F /* Pods */ = {
			isa = PBXGroup;
			children = (
				C34259B6B5A080E1868D4BFB /* Pods-covid19.debug.xcconfig */,
				C5EAC0852F97F26CE16D4FBC /* Pods-covid19.release.xcconfig */,
			);
			path = Pods;
			sourceTree = "<group>";
		};
		DB4ABB3EEEF3B563AC4B83B4 /* Frameworks */ = {
			isa = PBXGroup;
			children = (
				890AB3F321AC3C78AEF3D9B7 /* Pods_covid19.framework */,
			);
			name = Frameworks;
			sourceTree = "<group>";
		};
/* End PBXGroup section */

/* Begin PBXNativeTarget section */
		2704AA872470321F0032EE12 /* covid19 */ = {
			isa = PBXNativeTarget;
			buildConfigurationList = 2704AA9C247032220032EE12 /* Build configuration list for PBXNativeTarget "covid19" */;
			buildPhases = (
				51022B14B5E00D9665457325 /* [CP] Check Pods Manifest.lock */,
				2704AA842470321F0032EE12 /* Sources */,
				2704AA852470321F0032EE12 /* Frameworks */,
				2704AA862470321F0032EE12 /* Resources */,
				82FDDB392EA4003A0E6877FB /* [CP] Embed Pods Frameworks */,
			);
			buildRules = (
			);
			dependencies = (
			);
			name = covid19;
			productName = covid19;
			productReference = 2704AA882470321F0032EE12 /* covid19.app */;
			productType = "com.apple.product-type.application";
		};
/* End PBXNativeTarget section */

/* Begin PBXProject section */
		2704AA802470321F0032EE12 /* Project object */ = {
			isa = PBXProject;
			attributes = {
				LastSwiftUpdateCheck = 1140;
				LastUpgradeCheck = 1140;
				ORGANIZATIONNAME = "Nhat Nguyen";
				TargetAttributes = {
					2704AA872470321F0032EE12 = {
						CreatedOnToolsVersion = 11.4.1;
					};
				};
			};
			buildConfigurationList = 2704AA832470321F0032EE12 /* Build configuration list for PBXProject "covid19" */;
			compatibilityVersion = "Xcode 9.3";
			developmentRegion = en;
			hasScannedForEncodings = 0;
			knownRegions = (
				en,
				Base,
			);
			mainGroup = 2704AA7F2470321F0032EE12;
			productRefGroup = 2704AA892470321F0032EE12 /* Products */;
			projectDirPath = "";
			projectRoot = "";
			targets = (
				2704AA872470321F0032EE12 /* covid19 */,
			);
		};
/* End PBXProject section */

/* Begin PBXResourcesBuildPhase section */
		2704AA862470321F0032EE12 /* Resources */ = {
			isa = PBXResourcesBuildPhase;
			buildActionMask = 2147483647;
			files = (
				2704AAE424705E0D0032EE12 /* Poppins-ExtraBoldItalic.ttf in Resources */,
				2704AAF024705E0D0032EE12 /* Poppins-ThinItalic.ttf in Resources */,
				2704AAEF24705E0D0032EE12 /* Poppins-Light.ttf in Resources */,
				2704AA98247032220032EE12 /* LaunchScreen.storyboard in Resources */,
				2704AAF324705E0D0032EE12 /* Poppins-Italic.ttf in Resources */,
				2704AAE324705E0D0032EE12 /* Poppins-MediumItalic.ttf in Resources */,
				2704AAE924705E0D0032EE12 /* Poppins-Regular.ttf in Resources */,
				2704AAEC24705E0D0032EE12 /* Poppins-ExtraBold.ttf in Resources */,
				2704AAEA24705E0D0032EE12 /* Poppins-Black.ttf in Resources */,
				2704AAEE24705E0D0032EE12 /* Poppins-ExtraLight.ttf in Resources */,
				2704AAF124705E0D0032EE12 /* Poppins-BoldItalic.ttf in Resources */,
				2704AAF424705E0D0032EE12 /* Poppins-LightItalic.ttf in Resources */,
				2704AAE724705E0D0032EE12 /* Poppins-SemiBoldItalic.ttf in Resources */,
				2704AAE624705E0D0032EE12 /* Poppins-Medium.ttf in Resources */,
				27DA659D24781A0C00307AA3 /* Assets.xcassets in Resources */,
				2704AAED24705E0D0032EE12 /* Poppins-ExtraLightItalic.ttf in Resources */,
				2704AAEB24705E0D0032EE12 /* Poppins-Bold.ttf in Resources */,
				2704AAE824705E0D0032EE12 /* Poppins-SemiBold.ttf in Resources */,
				2704AAF224705E0D0032EE12 /* Poppins-BlackItalic.ttf in Resources */,
				2704AAE524705E0D0032EE12 /* Poppins-Thin.ttf in Resources */,
			);
			runOnlyForDeploymentPostprocessing = 0;
		};
/* End PBXResourcesBuildPhase section */

/* Begin PBXShellScriptBuildPhase section */
		51022B14B5E00D9665457325 /* [CP] Check Pods Manifest.lock */ = {
			isa = PBXShellScriptBuildPhase;
			buildActionMask = 2147483647;
			files = (
			);
			inputFileListPaths = (
			);
			inputPaths = (
				"${PODS_PODFILE_DIR_PATH}/Podfile.lock",
				"${PODS_ROOT}/Manifest.lock",
			);
			name = "[CP] Check Pods Manifest.lock";
			outputFileListPaths = (
			);
			outputPaths = (
				"$(DERIVED_FILE_DIR)/Pods-covid19-checkManifestLockResult.txt",
			);
			runOnlyForDeploymentPostprocessing = 0;
			shellPath = /bin/sh;
			shellScript = "diff \"${PODS_PODFILE_DIR_PATH}/Podfile.lock\" \"${PODS_ROOT}/Manifest.lock\" > /dev/null\nif [ $? != 0 ] ; then\n    # print error to STDERR\n    echo \"error: The sandbox is not in sync with the Podfile.lock. Run 'pod install' or update your CocoaPods installation.\" >&2\n    exit 1\nfi\n# This output is used by Xcode 'outputs' to avoid re-running this script phase.\necho \"SUCCESS\" > \"${SCRIPT_OUTPUT_FILE_0}\"\n";
			showEnvVarsInLog = 0;
		};
		82FDDB392EA4003A0E6877FB /* [CP] Embed Pods Frameworks */ = {
			isa = PBXShellScriptBuildPhase;
			buildActionMask = 2147483647;
			files = (
			);
			inputFileListPaths = (
				"${PODS_ROOT}/Target Support Files/Pods-covid19/Pods-covid19-frameworks-${CONFIGURATION}-input-files.xcfilelist",
			);
			name = "[CP] Embed Pods Frameworks";
			outputFileListPaths = (
				"${PODS_ROOT}/Target Support Files/Pods-covid19/Pods-covid19-frameworks-${CONFIGURATION}-output-files.xcfilelist",
			);
			runOnlyForDeploymentPostprocessing = 0;
			shellPath = /bin/sh;
			shellScript = "\"${PODS_ROOT}/Target Support Files/Pods-covid19/Pods-covid19-frameworks.sh\"\n";
			showEnvVarsInLog = 0;
		};
/* End PBXShellScriptBuildPhase section */

/* Begin PBXSourcesBuildPhase section */
		2704AA842470321F0032EE12 /* Sources */ = {
			isa = PBXSourcesBuildPhase;
			buildActionMask = 2147483647;
			files = (
				2704AAA5247034230032EE12 /* HomeScreenController.swift in Sources */,
				2704AAA8247037FB0032EE12 /* AnalyticScreenController.swift in Sources */,
				2765AA7C2471B0A200640AE5 /* AutoLayoutHelper.swift in Sources */,
				2704AA8C2470321F0032EE12 /* AppDelegate.swift in Sources */,
				2765AA71247147EF00640AE5 /* RoundImage.swift in Sources */,
				2765AA7424716AB600640AE5 /* CustomLabel.swift in Sources */,
				2704AAAB24705AB10032EE12 /* Theme.swift in Sources */,
				2704AAF924706E6D0032EE12 /* Country.swift in Sources */,
				2765AA77247194C600640AE5 /* GradientView.swift in Sources */,
				2704AAA2247032EA0032EE12 /* MainNavigationController.swift in Sources */,
				2704AA8E2470321F0032EE12 /* SceneDelegate.swift in Sources */,
				2704AAFC247071970032EE12 /* MockData.swift in Sources */,
				2765AA4E2470E13200640AE5 /* CardValue.swift in Sources */,
				2704AAF624705FBC0032EE12 /* HomeScreenStyle.swift in Sources */,
				272EE0C32478C510008FB54D /* CustomButton.swift in Sources */,
			);
			runOnlyForDeploymentPostprocessing = 0;
		};
/* End PBXSourcesBuildPhase section */

/* Begin PBXVariantGroup section */
		2704AA96247032220032EE12 /* LaunchScreen.storyboard */ = {
			isa = PBXVariantGroup;
			children = (
				2704AA97247032220032EE12 /* Base */,
			);
			name = LaunchScreen.storyboard;
			sourceTree = "<group>";
		};
/* End PBXVariantGroup section */

/* Begin XCBuildConfiguration section */
		2704AA9A247032220032EE12 /* Debug */ = {
			isa = XCBuildConfiguration;
			buildSettings = {
				ALWAYS_SEARCH_USER_PATHS = NO;
				CLANG_ANALYZER_NONNULL = YES;
				CLANG_ANALYZER_NUMBER_OBJECT_CONVERSION = YES_AGGRESSIVE;
				CLANG_CXX_LANGUAGE_STANDARD = "gnu++14";
				CLANG_CXX_LIBRARY = "libc++";
				CLANG_ENABLE_MODULES = YES;
				CLANG_ENABLE_OBJC_ARC = YES;
				CLANG_ENABLE_OBJC_WEAK = YES;
				CLANG_WARN_BLOCK_CAPTURE_AUTORELEASING = YES;
				CLANG_WARN_BOOL_CONVERSION = YES;
				CLANG_WARN_COMMA = YES;
				CLANG_WARN_CONSTANT_CONVERSION = YES;
				CLANG_WARN_DEPRECATED_OBJC_IMPLEMENTATIONS = YES;
				CLANG_WARN_DIRECT_OBJC_ISA_USAGE = YES_ERROR;
				CLANG_WARN_DOCUMENTATION_COMMENTS = YES;
				CLANG_WARN_EMPTY_BODY = YES;
				CLANG_WARN_ENUM_CONVERSION = YES;
				CLANG_WARN_INFINITE_RECURSION = YES;
				CLANG_WARN_INT_CONVERSION = YES;
				CLANG_WARN_NON_LITERAL_NULL_CONVERSION = YES;
				CLANG_WARN_OBJC_IMPLICIT_RETAIN_SELF = YES;
				CLANG_WARN_OBJC_LITERAL_CONVERSION = YES;
				CLANG_WARN_OBJC_ROOT_CLASS = YES_ERROR;
				CLANG_WARN_RANGE_LOOP_ANALYSIS = YES;
				CLANG_WARN_STRICT_PROTOTYPES = YES;
				CLANG_WARN_SUSPICIOUS_MOVE = YES;
				CLANG_WARN_UNGUARDED_AVAILABILITY = YES_AGGRESSIVE;
				CLANG_WARN_UNREACHABLE_CODE = YES;
				CLANG_WARN__DUPLICATE_METHOD_MATCH = YES;
				COPY_PHASE_STRIP = NO;
				DEBUG_INFORMATION_FORMAT = dwarf;
				ENABLE_STRICT_OBJC_MSGSEND = YES;
				ENABLE_TESTABILITY = YES;
				GCC_C_LANGUAGE_STANDARD = gnu11;
				GCC_DYNAMIC_NO_PIC = NO;
				GCC_NO_COMMON_BLOCKS = YES;
				GCC_OPTIMIZATION_LEVEL = 0;
				GCC_PREPROCESSOR_DEFINITIONS = (
					"DEBUG=1",
					"$(inherited)",
				);
				GCC_WARN_64_TO_32_BIT_CONVERSION = YES;
				GCC_WARN_ABOUT_RETURN_TYPE = YES_ERROR;
				GCC_WARN_UNDECLARED_SELECTOR = YES;
				GCC_WARN_UNINITIALIZED_AUTOS = YES_AGGRESSIVE;
				GCC_WARN_UNUSED_FUNCTION = YES;
				GCC_WARN_UNUSED_VARIABLE = YES;
				IPHONEOS_DEPLOYMENT_TARGET = 13.4;
				MTL_ENABLE_DEBUG_INFO = INCLUDE_SOURCE;
				MTL_FAST_MATH = YES;
				ONLY_ACTIVE_ARCH = YES;
				SDKROOT = iphoneos;
				SWIFT_ACTIVE_COMPILATION_CONDITIONS = DEBUG;
				SWIFT_OPTIMIZATION_LEVEL = "-Onone";
			};
			name = Debug;
		};
		2704AA9B247032220032EE12 /* Release */ = {
			isa = XCBuildConfiguration;
			buildSettings = {
				ALWAYS_SEARCH_USER_PATHS = NO;
				CLANG_ANALYZER_NONNULL = YES;
				CLANG_ANALYZER_NUMBER_OBJECT_CONVERSION = YES_AGGRESSIVE;
				CLANG_CXX_LANGUAGE_STANDARD = "gnu++14";
				CLANG_CXX_LIBRARY = "libc++";
				CLANG_ENABLE_MODULES = YES;
				CLANG_ENABLE_OBJC_ARC = YES;
				CLANG_ENABLE_OBJC_WEAK = YES;
				CLANG_WARN_BLOCK_CAPTURE_AUTORELEASING = YES;
				CLANG_WARN_BOOL_CONVERSION = YES;
				CLANG_WARN_COMMA = YES;
				CLANG_WARN_CONSTANT_CONVERSION = YES;
				CLANG_WARN_DEPRECATED_OBJC_IMPLEMENTATIONS = YES;
				CLANG_WARN_DIRECT_OBJC_ISA_USAGE = YES_ERROR;
				CLANG_WARN_DOCUMENTATION_COMMENTS = YES;
				CLANG_WARN_EMPTY_BODY = YES;
				CLANG_WARN_ENUM_CONVERSION = YES;
				CLANG_WARN_INFINITE_RECURSION = YES;
				CLANG_WARN_INT_CONVERSION = YES;
				CLANG_WARN_NON_LITERAL_NULL_CONVERSION = YES;
				CLANG_WARN_OBJC_IMPLICIT_RETAIN_SELF = YES;
				CLANG_WARN_OBJC_LITERAL_CONVERSION = YES;
				CLANG_WARN_OBJC_ROOT_CLASS = YES_ERROR;
				CLANG_WARN_RANGE_LOOP_ANALYSIS = YES;
				CLANG_WARN_STRICT_PROTOTYPES = YES;
				CLANG_WARN_SUSPICIOUS_MOVE = YES;
				CLANG_WARN_UNGUARDED_AVAILABILITY = YES_AGGRESSIVE;
				CLANG_WARN_UNREACHABLE_CODE = YES;
				CLANG_WARN__DUPLICATE_METHOD_MATCH = YES;
				COPY_PHASE_STRIP = NO;
				DEBUG_INFORMATION_FORMAT = "dwarf-with-dsym";
				ENABLE_NS_ASSERTIONS = NO;
				ENABLE_STRICT_OBJC_MSGSEND = YES;
				GCC_C_LANGUAGE_STANDARD = gnu11;
				GCC_NO_COMMON_BLOCKS = YES;
				GCC_WARN_64_TO_32_BIT_CONVERSION = YES;
				GCC_WARN_ABOUT_RETURN_TYPE = YES_ERROR;
				GCC_WARN_UNDECLARED_SELECTOR = YES;
				GCC_WARN_UNINITIALIZED_AUTOS = YES_AGGRESSIVE;
				GCC_WARN_UNUSED_FUNCTION = YES;
				GCC_WARN_UNUSED_VARIABLE = YES;
				IPHONEOS_DEPLOYMENT_TARGET = 13.4;
				MTL_ENABLE_DEBUG_INFO = NO;
				MTL_FAST_MATH = YES;
				SDKROOT = iphoneos;
				SWIFT_COMPILATION_MODE = wholemodule;
				SWIFT_OPTIMIZATION_LEVEL = "-O";
				VALIDATE_PRODUCT = YES;
			};
			name = Release;
		};
		2704AA9D247032220032EE12 /* Debug */ = {
			isa = XCBuildConfiguration;
			baseConfigurationReference = C34259B6B5A080E1868D4BFB /* Pods-covid19.debug.xcconfig */;
			buildSettings = {
				ASSETCATALOG_COMPILER_APPICON_NAME = AppIcon;
				CODE_SIGN_STYLE = Automatic;
				DEVELOPMENT_TEAM = ZWS8J4XM2N;
				INFOPLIST_FILE = covid19/Info.plist;
				LD_RUNPATH_SEARCH_PATHS = (
					"$(inherited)",
					"@executable_path/Frameworks",
				);
				PRODUCT_BUNDLE_IDENTIFIER = com.singuyen.covid19;
				PRODUCT_NAME = "$(TARGET_NAME)";
				SWIFT_VERSION = 5.0;
				TARGETED_DEVICE_FAMILY = "1,2";
			};
			name = Debug;
		};
		2704AA9E247032220032EE12 /* Release */ = {
			isa = XCBuildConfiguration;
			baseConfigurationReference = C5EAC0852F97F26CE16D4FBC /* Pods-covid19.release.xcconfig */;
			buildSettings = {
				ASSETCATALOG_COMPILER_APPICON_NAME = AppIcon;
				CODE_SIGN_STYLE = Automatic;
				DEVELOPMENT_TEAM = ZWS8J4XM2N;
				INFOPLIST_FILE = covid19/Info.plist;
				LD_RUNPATH_SEARCH_PATHS = (
					"$(inherited)",
					"@executable_path/Frameworks",
				);
				PRODUCT_BUNDLE_IDENTIFIER = com.singuyen.covid19;
				PRODUCT_NAME = "$(TARGET_NAME)";
				SWIFT_VERSION = 5.0;
				TARGETED_DEVICE_FAMILY = "1,2";
			};
			name = Release;
		};
/* End XCBuildConfiguration section */

/* Begin XCConfigurationList section */
		2704AA832470321F0032EE12 /* Build configuration list for PBXProject "covid19" */ = {
			isa = XCConfigurationList;
			buildConfigurations = (
				2704AA9A247032220032EE12 /* Debug */,
				2704AA9B247032220032EE12 /* Release */,
			);
			defaultConfigurationIsVisible = 0;
			defaultConfigurationName = Release;
		};
		2704AA9C247032220032EE12 /* Build configuration list for PBXNativeTarget "covid19" */ = {
			isa = XCConfigurationList;
			buildConfigurations = (
				2704AA9D247032220032EE12 /* Debug */,
				2704AA9E247032220032EE12 /* Release */,
			);
			defaultConfigurationIsVisible = 0;
			defaultConfigurationName = Release;
		};
/* End XCConfigurationList section */
	};
	rootObject = 2704AA802470321F0032EE12 /* Project object */;
}
